
Microsoft Visual Studio Solution File, Format Version 12.00
# Visual Studio 15
VisualStudioVersion = 15.0.27703.2026
MinimumVisualStudioVersion = 10.0.40219.1
Project("{FAE04EC0-301F-11D3-BF4B-00C04F79EFBC}") = "ArithmeticParser", "ArithmeticParser\ArithmeticParser.csproj", "{6DAEC712-BEC4-4464-A1A3-7832AEECF18B}"
EndProject
Project("{FAE04EC0-301F-11D3-BF4B-00C04F79EFBC}") = "ArithmeticParser.Tests", "ArithmeticParser.Tests\ArithmeticParser.Tests.csproj", "{12387314-4FC5-4E54-AB26-6E388C22A8DE}"
EndProject
Global
	GlobalSection(SolutionConfigurationPlatforms) = preSolution
		Debug|Any CPU = Debug|Any CPU
		Release|Any CPU = Release|Any CPU
	EndGlobalSection
	GlobalSection(ProjectConfigurationPlatforms) = postSolution
		{6DAEC712-BEC4-4464-A1A3-7832AEECF18B}.Debug|Any CPU.ActiveCfg = Debug|Any CPU
		{6DAEC712-BEC4-4464-A1A3-7832AEECF18B}.Debug|Any CPU.Build.0 = Debug|Any CPU
		{6DAEC712-BEC4-4464-A1A3-7832AEECF18B}.Release|Any CPU.ActiveCfg = Release|Any CPU
		{6DAEC712-BEC4-4464-A1A3-7832AEECF18B}.Release|Any CPU.Build.0 = Release|Any CPU
		{12387314-4FC5-4E54-AB26-6E388C22A8DE}.Debug|Any CPU.ActiveCfg = Debug|Any CPU
		{12387314-4FC5-4E54-AB26-6E388C22A8DE}.Debug|Any CPU.Build.0 = Debug|Any CPU
		{12387314-4FC5-4E54-AB26-6E388C22A8DE}.Release|Any CPU.ActiveCfg = Release|Any CPU
		{12387314-4FC5-4E54-AB26-6E388C22A8DE}.Release|Any CPU.Build.0 = Release|Any CPU
	EndGlobalSection
	GlobalSection(SolutionProperties) = preSolution
		HideSolutionNode = FALSE
	EndGlobalSection
	GlobalSection(ExtensibilityGlobals) = postSolution
		SolutionGuid = {389B851C-0343-40CF-88D0-DC1609D627B1}
	EndGlobalSection
EndGlobal
